
Microsoft Visual Studio Solution File, Format Version 12.00
# Visual Studio Version 16
VisualStudioVersion = 16.0.31515.178
MinimumVisualStudioVersion = 10.0.40219.1
Project("{FAE04EC0-301F-11D3-BF4B-00C04F79EFBC}") = "A trip to the library", "A trip to the library.csproj", "{4AE99F34-7573-4A46-AF02-9FED727927E7}"
EndProject
Global
	GlobalSection(SolutionConfigurationPlatforms) = preSolution
		Debug|Any CPU = Debug|Any CPU
		Release|Any CPU = Release|Any CPU
	EndGlobalSection
	GlobalSection(ProjectConfigurationPlatforms) = postSolution
		{4AE99F34-7573-4A46-AF02-9FED727927E7}.Debug|Any CPU.ActiveCfg = Debug|Any CPU
		{4AE99F34-7573-4A46-AF02-9FED727927E7}.Debug|Any CPU.Build.0 = Debug|Any CPU
		{4AE99F34-7573-4A46-AF02-9FED727927E7}.Release|Any CPU.ActiveCfg = Release|Any CPU
		{4AE99F34-7573-4A46-AF02-9FED727927E7}.Release|Any CPU.Build.0 = Release|Any CPU
	EndGlobalSection
	GlobalSection(SolutionProperties) = preSolution
		HideSolutionNode = FALSE
	EndGlobalSection
	GlobalSection(ExtensibilityGlobals) = postSolution
		SolutionGuid = {32776A6C-3526-434E-A93B-753CD4C51C7E}
	EndGlobalSection
EndGlobal
